
Microsoft Visual Studio Solution File, Format Version 12.00
# Visual Studio Version 17
VisualStudioVersion = 17.0.31912.275
MinimumVisualStudioVersion = 10.0.40219.1
Project("{9A19103F-16F7-4668-BE54-9A1E7A4F7556}") = "4-3-1-itec-80-midterm", "4-3-1-itec-80-midterm\4-3-1-itec-80-midterm.csproj", "{F69A5582-B618-4D2D-BBE7-DCD4619932E6}"
EndProject
Global
	GlobalSection(SolutionConfigurationPlatforms) = preSolution
		Debug|Any CPU = Debug|Any CPU
		Release|Any CPU = Release|Any CPU
	EndGlobalSection
	GlobalSection(ProjectConfigurationPlatforms) = postSolution
		{F69A5582-B618-4D2D-BBE7-DCD4619932E6}.Debug|Any CPU.ActiveCfg = Debug|Any CPU
		{F69A5582-B618-4D2D-BBE7-DCD4619932E6}.Debug|Any CPU.Build.0 = Debug|Any CPU
		{F69A5582-B618-4D2D-BBE7-DCD4619932E6}.Release|Any CPU.ActiveCfg = Release|Any CPU
		{F69A5582-B618-4D2D-BBE7-DCD4619932E6}.Release|Any CPU.Build.0 = Release|Any CPU
	EndGlobalSection
	GlobalSection(SolutionProperties) = preSolution
		HideSolutionNode = FALSE
	EndGlobalSection
	GlobalSection(ExtensibilityGlobals) = postSolution
		SolutionGuid = {3C284C3B-0434-4E2E-A6CB-25792A29B1C5}
	EndGlobalSection
EndGlobal
